// !$*UTF8*$!
{
	archiveVersion = 1;
	classes = {
	};
	objectVersion = 77;
	objects = {

/* Begin PBXBuildFile section */
		6670F5D7BF48C31B1C9DF9F4 /* Pods_Appsolute_AppsoluteUITests.framework in Frameworks */ = {isa = PBXBuildFile; fileRef = B086D23090E1F5E9D1D5FCD2 /* Pods_Appsolute_AppsoluteUITests.framework */; };
		E5CE25A032A8C5A1F6E83C97 /* Pods_AppsoluteTests.framework in Frameworks */ = {isa = PBXBuildFile; fileRef = DEC01CA41B884C3306D36CC0 /* Pods_AppsoluteTests.framework */; };
		FD864FC4F3CEF62E6FAB0190 /* Pods_Appsolute.framework in Frameworks */ = {isa = PBXBuildFile; fileRef = 963F4D20E1BBE42991DDE084 /* Pods_Appsolute.framework */; };
/* End PBXBuildFile section */

/* Begin PBXContainerItemProxy section */
		B59D39DF2D2D075800CC5A52 /* PBXContainerItemProxy */ = {
			isa = PBXContainerItemProxy;
			containerPortal = B59D39C02D2D075600CC5A52 /* Project object */;
			proxyType = 1;
			remoteGlobalIDString = B59D39C72D2D075600CC5A52;
			remoteInfo = Appsolute;
		};
		B59D39E92D2D075800CC5A52 /* PBXContainerItemProxy */ = {
			isa = PBXContainerItemProxy;
			containerPortal = B59D39C02D2D075600CC5A52 /* Project object */;
			proxyType = 1;
			remoteGlobalIDString = B59D39C72D2D075600CC5A52;
			remoteInfo = Appsolute;
		};
/* End PBXContainerItemProxy section */

/* Begin PBXFileReference section */
		23BCE1825B0891C43A3C7784 /* Pods-Appsolute.release.xcconfig */ = {isa = PBXFileReference; includeInIndex = 1; lastKnownFileType = text.xcconfig; name = "Pods-Appsolute.release.xcconfig"; path = "Target Support Files/Pods-Appsolute/Pods-Appsolute.release.xcconfig"; sourceTree = "<group>"; };
		2A72340BCF5C62D100E8438F /* Pods-Appsolute-AppsoluteUITests.release.xcconfig */ = {isa = PBXFileReference; includeInIndex = 1; lastKnownFileType = text.xcconfig; name = "Pods-Appsolute-AppsoluteUITests.release.xcconfig"; path = "Target Support Files/Pods-Appsolute-AppsoluteUITests/Pods-Appsolute-AppsoluteUITests.release.xcconfig"; sourceTree = "<group>"; };
		4DA745DD0BA6E667FDFF9604 /* Pods-Appsolute-AppsoluteUITests.debug.xcconfig */ = {isa = PBXFileReference; includeInIndex = 1; lastKnownFileType = text.xcconfig; name = "Pods-Appsolute-AppsoluteUITests.debug.xcconfig"; path = "Target Support Files/Pods-Appsolute-AppsoluteUITests/Pods-Appsolute-AppsoluteUITests.debug.xcconfig"; sourceTree = "<group>"; };
		963F4D20E1BBE42991DDE084 /* Pods_Appsolute.framework */ = {isa = PBXFileReference; explicitFileType = wrapper.framework; includeInIndex = 0; path = Pods_Appsolute.framework; sourceTree = BUILT_PRODUCTS_DIR; };
		ACD0C8DC355301BB334A84DA /* Pods-AppsoluteTests.release.xcconfig */ = {isa = PBXFileReference; includeInIndex = 1; lastKnownFileType = text.xcconfig; name = "Pods-AppsoluteTests.release.xcconfig"; path = "Target Support Files/Pods-AppsoluteTests/Pods-AppsoluteTests.release.xcconfig"; sourceTree = "<group>"; };
		B086D23090E1F5E9D1D5FCD2 /* Pods_Appsolute_AppsoluteUITests.framework */ = {isa = PBXFileReference; explicitFileType = wrapper.framework; includeInIndex = 0; path = Pods_Appsolute_AppsoluteUITests.framework; sourceTree = BUILT_PRODUCTS_DIR; };
		B59D39C82D2D075600CC5A52 /* Appsolute.app */ = {isa = PBXFileReference; explicitFileType = wrapper.application; includeInIndex = 0; path = Appsolute.app; sourceTree = BUILT_PRODUCTS_DIR; };
		B59D39DE2D2D075800CC5A52 /* AppsoluteTests.xctest */ = {isa = PBXFileReference; explicitFileType = wrapper.cfbundle; includeInIndex = 0; path = AppsoluteTests.xctest; sourceTree = BUILT_PRODUCTS_DIR; };
		B59D39E82D2D075800CC5A52 /* AppsoluteUITests.xctest */ = {isa = PBXFileReference; explicitFileType = wrapper.cfbundle; includeInIndex = 0; path = AppsoluteUITests.xctest; sourceTree = BUILT_PRODUCTS_DIR; };
		C4A5DA9EF13D53001DA8C35E /* Pods-Appsolute.debug.xcconfig */ = {isa = PBXFileReference; includeInIndex = 1; lastKnownFileType = text.xcconfig; name = "Pods-Appsolute.debug.xcconfig"; path = "Target Support Files/Pods-Appsolute/Pods-Appsolute.debug.xcconfig"; sourceTree = "<group>"; };
		DEC01CA41B884C3306D36CC0 /* Pods_AppsoluteTests.framework */ = {isa = PBXFileReference; explicitFileType = wrapper.framework; includeInIndex = 0; path = Pods_AppsoluteTests.framework; sourceTree = BUILT_PRODUCTS_DIR; };
		E4024888021240F2EC803E2C /* Pods-AppsoluteTests.debug.xcconfig */ = {isa = PBXFileReference; includeInIndex = 1; lastKnownFileType = text.xcconfig; name = "Pods-AppsoluteTests.debug.xcconfig"; path = "Target Support Files/Pods-AppsoluteTests/Pods-AppsoluteTests.debug.xcconfig"; sourceTree = "<group>"; };
/* End PBXFileReference section */

/* Begin PBXFileSystemSynchronizedBuildFileExceptionSet section */
		B59D39F02D2D075800CC5A52 /* Exceptions for "Appsolute" folder in "Appsolute" target */ = {
			isa = PBXFileSystemSynchronizedBuildFileExceptionSet;
			membershipExceptions = (
				Info.plist,
			);
			target = B59D39C72D2D075600CC5A52 /* Appsolute */;
		};
/* End PBXFileSystemSynchronizedBuildFileExceptionSet section */

/* Begin PBXFileSystemSynchronizedRootGroup section */
		B59D39CA2D2D075600CC5A52 /* Appsolute */ = {
			isa = PBXFileSystemSynchronizedRootGroup;
			exceptions = (
				B59D39F02D2D075800CC5A52 /* Exceptions for "Appsolute" folder in "Appsolute" target */,
			);
			path = Appsolute;
			sourceTree = "<group>";
		};
		B59D39E12D2D075800CC5A52 /* AppsoluteTests */ = {
			isa = PBXFileSystemSynchronizedRootGroup;
			path = AppsoluteTests;
			sourceTree = "<group>";
		};
		B59D39EB2D2D075800CC5A52 /* AppsoluteUITests */ = {
			isa = PBXFileSystemSynchronizedRootGroup;
			path = AppsoluteUITests;
			sourceTree = "<group>";
		};
/* End PBXFileSystemSynchronizedRootGroup section */

/* Begin PBXFrameworksBuildPhase section */
		B59D39C52D2D075600CC5A52 /* Frameworks */ = {
			isa = PBXFrameworksBuildPhase;
			buildActionMask = 2147483647;
			files = (
				FD864FC4F3CEF62E6FAB0190 /* Pods_Appsolute.framework in Frameworks */,
			);
			runOnlyForDeploymentPostprocessing = 0;
		};
		B59D39DB2D2D075800CC5A52 /* Frameworks */ = {
			isa = PBXFrameworksBuildPhase;
			buildActionMask = 2147483647;
			files = (
				E5CE25A032A8C5A1F6E83C97 /* Pods_AppsoluteTests.framework in Frameworks */,
			);
			runOnlyForDeploymentPostprocessing = 0;
		};
		B59D39E52D2D075800CC5A52 /* Frameworks */ = {
			isa = PBXFrameworksBuildPhase;
			buildActionMask = 2147483647;
			files = (
				6670F5D7BF48C31B1C9DF9F4 /* Pods_Appsolute_AppsoluteUITests.framework in Frameworks */,
			);
			runOnlyForDeploymentPostprocessing = 0;
		};
/* End PBXFrameworksBuildPhase section */

/* Begin PBXGroup section */
		004C663535E1A517406D8DD8 /* Frameworks */ = {
			isa = PBXGroup;
			children = (
				963F4D20E1BBE42991DDE084 /* Pods_Appsolute.framework */,
				B086D23090E1F5E9D1D5FCD2 /* Pods_Appsolute_AppsoluteUITests.framework */,
				DEC01CA41B884C3306D36CC0 /* Pods_AppsoluteTests.framework */,
			);
			name = Frameworks;
			sourceTree = "<group>";
		};
		61C0025ABFE124E7A59728F3 /* Pods */ = {
			isa = PBXGroup;
			children = (
				C4A5DA9EF13D53001DA8C35E /* Pods-Appsolute.debug.xcconfig */,
				23BCE1825B0891C43A3C7784 /* Pods-Appsolute.release.xcconfig */,
				4DA745DD0BA6E667FDFF9604 /* Pods-Appsolute-AppsoluteUITests.debug.xcconfig */,
				2A72340BCF5C62D100E8438F /* Pods-Appsolute-AppsoluteUITests.release.xcconfig */,
				E4024888021240F2EC803E2C /* Pods-AppsoluteTests.debug.xcconfig */,
				ACD0C8DC355301BB334A84DA /* Pods-AppsoluteTests.release.xcconfig */,
			);
			path = Pods;
			sourceTree = "<group>";
		};
		B59D39BF2D2D075600CC5A52 = {
			isa = PBXGroup;
			children = (
				B59D39CA2D2D075600CC5A52 /* Appsolute */,
				B59D39E12D2D075800CC5A52 /* AppsoluteTests */,
				B59D39EB2D2D075800CC5A52 /* AppsoluteUITests */,
				B59D39C92D2D075600CC5A52 /* Products */,
				61C0025ABFE124E7A59728F3 /* Pods */,
				004C663535E1A517406D8DD8 /* Frameworks */,
			);
			sourceTree = "<group>";
		};
		B59D39C92D2D075600CC5A52 /* Products */ = {
			isa = PBXGroup;
			children = (
				B59D39C82D2D075600CC5A52 /* Appsolute.app */,
				B59D39DE2D2D075800CC5A52 /* AppsoluteTests.xctest */,
				B59D39E82D2D075800CC5A52 /* AppsoluteUITests.xctest */,
			);
			name = Products;
			sourceTree = "<group>";
		};
/* End PBXGroup section */

/* Begin PBXNativeTarget section */
		B59D39C72D2D075600CC5A52 /* Appsolute */ = {
			isa = PBXNativeTarget;
			buildConfigurationList = B59D39F12D2D075800CC5A52 /* Build configuration list for PBXNativeTarget "Appsolute" */;
			buildPhases = (
				B2F72421E6114594598C84CA /* [CP] Check Pods Manifest.lock */,
				B59D39C42D2D075600CC5A52 /* Sources */,
				B59D39C52D2D075600CC5A52 /* Frameworks */,
				B59D39C62D2D075600CC5A52 /* Resources */,
				7C5A07F55C75DA6FFF5BC1CD /* [CP] Embed Pods Frameworks */,
			);
			buildRules = (
			);
			dependencies = (
			);
			fileSystemSynchronizedGroups = (
				B59D39CA2D2D075600CC5A52 /* Appsolute */,
			);
			name = Appsolute;
			productName = Appsolute;
			productReference = B59D39C82D2D075600CC5A52 /* Appsolute.app */;
			productType = "com.apple.product-type.application";
		};
		B59D39DD2D2D075800CC5A52 /* AppsoluteTests */ = {
			isa = PBXNativeTarget;
			buildConfigurationList = B59D39F62D2D075800CC5A52 /* Build configuration list for PBXNativeTarget "AppsoluteTests" */;
			buildPhases = (
				EF75AD9117A8F7661E3190C6 /* [CP] Check Pods Manifest.lock */,
				B59D39DA2D2D075800CC5A52 /* Sources */,
				B59D39DB2D2D075800CC5A52 /* Frameworks */,
				B59D39DC2D2D075800CC5A52 /* Resources */,
			);
			buildRules = (
			);
			dependencies = (
				B59D39E02D2D075800CC5A52 /* PBXTargetDependency */,
			);
			fileSystemSynchronizedGroups = (
				B59D39E12D2D075800CC5A52 /* AppsoluteTests */,
			);
			name = AppsoluteTests;
			productName = AppsoluteTests;
			productReference = B59D39DE2D2D075800CC5A52 /* AppsoluteTests.xctest */;
			productType = "com.apple.product-type.bundle.unit-test";
		};
		B59D39E72D2D075800CC5A52 /* AppsoluteUITests */ = {
			isa = PBXNativeTarget;
			buildConfigurationList = B59D39F92D2D075800CC5A52 /* Build configuration list for PBXNativeTarget "AppsoluteUITests" */;
			buildPhases = (
				D62E3522C3815B09A255A3E1 /* [CP] Check Pods Manifest.lock */,
				B59D39E42D2D075800CC5A52 /* Sources */,
				B59D39E52D2D075800CC5A52 /* Frameworks */,
				B59D39E62D2D075800CC5A52 /* Resources */,
				57A65E3E4905CC125174A976 /* [CP] Embed Pods Frameworks */,
			);
			buildRules = (
			);
			dependencies = (
				B59D39EA2D2D075800CC5A52 /* PBXTargetDependency */,
			);
			fileSystemSynchronizedGroups = (
				B59D39EB2D2D075800CC5A52 /* AppsoluteUITests */,
			);
			name = AppsoluteUITests;
			productName = AppsoluteUITests;
			productReference = B59D39E82D2D075800CC5A52 /* AppsoluteUITests.xctest */;
			productType = "com.apple.product-type.bundle.ui-testing";
		};
/* End PBXNativeTarget section */

/* Begin PBXProject section */
		B59D39C02D2D075600CC5A52 /* Project object */ = {
			isa = PBXProject;
			attributes = {
				BuildIndependentTargetsInParallel = 1;
				LastSwiftUpdateCheck = 1620;
				LastUpgradeCheck = 1620;
				TargetAttributes = {
					B59D39C72D2D075600CC5A52 = {
						CreatedOnToolsVersion = 16.2;
					};
					B59D39DD2D2D075800CC5A52 = {
						CreatedOnToolsVersion = 16.2;
						TestTargetID = B59D39C72D2D075600CC5A52;
					};
					B59D39E72D2D075800CC5A52 = {
						CreatedOnToolsVersion = 16.2;
						TestTargetID = B59D39C72D2D075600CC5A52;
					};
				};
			};
			buildConfigurationList = B59D39C32D2D075600CC5A52 /* Build configuration list for PBXProject "Appsolute" */;
			developmentRegion = en;
			hasScannedForEncodings = 0;
			knownRegions = (
				en,
				Base,
			);
			mainGroup = B59D39BF2D2D075600CC5A52;
			minimizedProjectReferenceProxies = 1;
			preferredProjectObjectVersion = 77;
			productRefGroup = B59D39C92D2D075600CC5A52 /* Products */;
			projectDirPath = "";
			projectRoot = "";
			targets = (
				B59D39C72D2D075600CC5A52 /* Appsolute */,
				B59D39DD2D2D075800CC5A52 /* AppsoluteTests */,
				B59D39E72D2D075800CC5A52 /* AppsoluteUITests */,
			);
		};
/* End PBXProject section */

/* Begin PBXResourcesBuildPhase section */
		B59D39C62D2D075600CC5A52 /* Resources */ = {
			isa = PBXResourcesBuildPhase;
			buildActionMask = 2147483647;
			files = (
			);
			runOnlyForDeploymentPostprocessing = 0;
		};
		B59D39DC2D2D075800CC5A52 /* Resources */ = {
			isa = PBXResourcesBuildPhase;
			buildActionMask = 2147483647;
			files = (
			);
			runOnlyForDeploymentPostprocessing = 0;
		};
		B59D39E62D2D075800CC5A52 /* Resources */ = {
			isa = PBXResourcesBuildPhase;
			buildActionMask = 2147483647;
			files = (
			);
			runOnlyForDeploymentPostprocessing = 0;
		};
/* End PBXResourcesBuildPhase section */

/* Begin PBXShellScriptBuildPhase section */
		57A65E3E4905CC125174A976 /* [CP] Embed Pods Frameworks */ = {
			isa = PBXShellScriptBuildPhase;
			buildActionMask = 2147483647;
			files = (
			);
			inputFileListPaths = (
				"${PODS_ROOT}/Target Support Files/Pods-Appsolute-AppsoluteUITests/Pods-Appsolute-AppsoluteUITests-frameworks-${CONFIGURATION}-input-files.xcfilelist",
			);
			name = "[CP] Embed Pods Frameworks";
			outputFileListPaths = (
				"${PODS_ROOT}/Target Support Files/Pods-Appsolute-AppsoluteUITests/Pods-Appsolute-AppsoluteUITests-frameworks-${CONFIGURATION}-output-files.xcfilelist",
			);
			runOnlyForDeploymentPostprocessing = 0;
			shellPath = /bin/sh;
			shellScript = "\"${PODS_ROOT}/Target Support Files/Pods-Appsolute-AppsoluteUITests/Pods-Appsolute-AppsoluteUITests-frameworks.sh\"\n";
			showEnvVarsInLog = 0;
		};
		7C5A07F55C75DA6FFF5BC1CD /* [CP] Embed Pods Frameworks */ = {
			isa = PBXShellScriptBuildPhase;
			buildActionMask = 2147483647;
			files = (
			);
			inputFileListPaths = (
				"${PODS_ROOT}/Target Support Files/Pods-Appsolute/Pods-Appsolute-frameworks-${CONFIGURATION}-input-files.xcfilelist",
			);
			name = "[CP] Embed Pods Frameworks";
			outputFileListPaths = (
				"${PODS_ROOT}/Target Support Files/Pods-Appsolute/Pods-Appsolute-frameworks-${CONFIGURATION}-output-files.xcfilelist",
			);
			runOnlyForDeploymentPostprocessing = 0;
			shellPath = /bin/sh;
			shellScript = "\"${PODS_ROOT}/Target Support Files/Pods-Appsolute/Pods-Appsolute-frameworks.sh\"\n";
			showEnvVarsInLog = 0;
		};
		B2F72421E6114594598C84CA /* [CP] Check Pods Manifest.lock */ = {
			isa = PBXShellScriptBuildPhase;
			buildActionMask = 2147483647;
			files = (
			);
			inputFileListPaths = (
			);
			inputPaths = (
				"${PODS_PODFILE_DIR_PATH}/Podfile.lock",
				"${PODS_ROOT}/Manifest.lock",
			);
			name = "[CP] Check Pods Manifest.lock";
			outputFileListPaths = (
			);
			outputPaths = (
				"$(DERIVED_FILE_DIR)/Pods-Appsolute-checkManifestLockResult.txt",
			);
			runOnlyForDeploymentPostprocessing = 0;
			shellPath = /bin/sh;
			shellScript = "diff \"${PODS_PODFILE_DIR_PATH}/Podfile.lock\" \"${PODS_ROOT}/Manifest.lock\" > /dev/null\nif [ $? != 0 ] ; then\n    # print error to STDERR\n    echo \"error: The sandbox is not in sync with the Podfile.lock. Run 'pod install' or update your CocoaPods installation.\" >&2\n    exit 1\nfi\n# This output is used by Xcode 'outputs' to avoid re-running this script phase.\necho \"SUCCESS\" > \"${SCRIPT_OUTPUT_FILE_0}\"\n";
			showEnvVarsInLog = 0;
		};
		D62E3522C3815B09A255A3E1 /* [CP] Check Pods Manifest.lock */ = {
			isa = PBXShellScriptBuildPhase;
			buildActionMask = 2147483647;
			files = (
			);
			inputFileListPaths = (
			);
			inputPaths = (
				"${PODS_PODFILE_DIR_PATH}/Podfile.lock",
				"${PODS_ROOT}/Manifest.lock",
			);
			name = "[CP] Check Pods Manifest.lock";
			outputFileListPaths = (
			);
			outputPaths = (
				"$(DERIVED_FILE_DIR)/Pods-Appsolute-AppsoluteUITests-checkManifestLockResult.txt",
			);
			runOnlyForDeploymentPostprocessing = 0;
			shellPath = /bin/sh;
			shellScript = "diff \"${PODS_PODFILE_DIR_PATH}/Podfile.lock\" \"${PODS_ROOT}/Manifest.lock\" > /dev/null\nif [ $? != 0 ] ; then\n    # print error to STDERR\n    echo \"error: The sandbox is not in sync with the Podfile.lock. Run 'pod install' or update your CocoaPods installation.\" >&2\n    exit 1\nfi\n# This output is used by Xcode 'outputs' to avoid re-running this script phase.\necho \"SUCCESS\" > \"${SCRIPT_OUTPUT_FILE_0}\"\n";
			showEnvVarsInLog = 0;
		};
		EF75AD9117A8F7661E3190C6 /* [CP] Check Pods Manifest.lock */ = {
			isa = PBXShellScriptBuildPhase;
			buildActionMask = 2147483647;
			files = (
			);
			inputFileListPaths = (
			);
			inputPaths = (
				"${PODS_PODFILE_DIR_PATH}/Podfile.lock",
				"${PODS_ROOT}/Manifest.lock",
			);
			name = "[CP] Check Pods Manifest.lock";
			outputFileListPaths = (
			);
			outputPaths = (
				"$(DERIVED_FILE_DIR)/Pods-AppsoluteTests-checkManifestLockResult.txt",
			);
			runOnlyForDeploymentPostprocessing = 0;
			shellPath = /bin/sh;
			shellScript = "diff \"${PODS_PODFILE_DIR_PATH}/Podfile.lock\" \"${PODS_ROOT}/Manifest.lock\" > /dev/null\nif [ $? != 0 ] ; then\n    # print error to STDERR\n    echo \"error: The sandbox is not in sync with the Podfile.lock. Run 'pod install' or update your CocoaPods installation.\" >&2\n    exit 1\nfi\n# This output is used by Xcode 'outputs' to avoid re-running this script phase.\necho \"SUCCESS\" > \"${SCRIPT_OUTPUT_FILE_0}\"\n";
			showEnvVarsInLog = 0;
		};
/* End PBXShellScriptBuildPhase section */

/* Begin PBXSourcesBuildPhase section */
		B59D39C42D2D075600CC5A52 /* Sources */ = {
			isa = PBXSourcesBuildPhase;
			buildActionMask = 2147483647;
			files = (
			);
			runOnlyForDeploymentPostprocessing = 0;
		};
		B59D39DA2D2D075800CC5A52 /* Sources */ = {
			isa = PBXSourcesBuildPhase;
			buildActionMask = 2147483647;
			files = (
			);
			runOnlyForDeploymentPostprocessing = 0;
		};
		B59D39E42D2D075800CC5A52 /* Sources */ = {
			isa = PBXSourcesBuildPhase;
			buildActionMask = 2147483647;
			files = (
			);
			runOnlyForDeploymentPostprocessing = 0;
		};
/* End PBXSourcesBuildPhase section */

/* Begin PBXTargetDependency section */
		B59D39E02D2D075800CC5A52 /* PBXTargetDependency */ = {
			isa = PBXTargetDependency;
			target = B59D39C72D2D075600CC5A52 /* Appsolute */;
			targetProxy = B59D39DF2D2D075800CC5A52 /* PBXContainerItemProxy */;
		};
		B59D39EA2D2D075800CC5A52 /* PBXTargetDependency */ = {
			isa = PBXTargetDependency;
			target = B59D39C72D2D075600CC5A52 /* Appsolute */;
			targetProxy = B59D39E92D2D075800CC5A52 /* PBXContainerItemProxy */;
		};
/* End PBXTargetDependency section */

/* Begin XCBuildConfiguration section */
		B59D39F22D2D075800CC5A52 /* Debug */ = {
			isa = XCBuildConfiguration;
			baseConfigurationReference = C4A5DA9EF13D53001DA8C35E /* Pods-Appsolute.debug.xcconfig */;
			buildSettings = {
				ASSETCATALOG_COMPILER_APPICON_NAME = AppIcon;
				ASSETCATALOG_COMPILER_GLOBAL_ACCENT_COLOR_NAME = AccentColor;
				CODE_SIGN_STYLE = Automatic;
				CURRENT_PROJECT_VERSION = 1;
				DEVELOPMENT_TEAM = AU24ZRJ649;
				ENABLE_USER_SCRIPT_SANDBOXING = NO;
				GENERATE_INFOPLIST_FILE = YES;
				INFOPLIST_FILE = Appsolute/Info.plist;
				INFOPLIST_KEY_UIApplicationSupportsIndirectInputEvents = YES;
				INFOPLIST_KEY_UILaunchStoryboardName = LaunchScreen;
				INFOPLIST_KEY_UIMainStoryboardFile = Main;
				INFOPLIST_KEY_UISupportedInterfaceOrientations_iPad = "UIInterfaceOrientationPortrait UIInterfaceOrientationPortraitUpsideDown UIInterfaceOrientationLandscapeLeft UIInterfaceOrientationLandscapeRight";
				INFOPLIST_KEY_UISupportedInterfaceOrientations_iPhone = "UIInterfaceOrientationPortrait UIInterfaceOrientationLandscapeLeft UIInterfaceOrientationLandscapeRight";
				LD_RUNPATH_SEARCH_PATHS = (
					"$(inherited)",
					"@executable_path/Frameworks",
				);
				MARKETING_VERSION = 1.0;
				PRODUCT_BUNDLE_IDENTIFIER = com.minjae.Appsolute;
				PRODUCT_NAME = "$(TARGET_NAME)";
				SWIFT_EMIT_LOC_STRINGS = YES;
				SWIFT_VERSION = 5.0;
				TARGETED_DEVICE_FAMILY = "1,2";
			};
			name = Debug;
		};
		B59D39F32D2D075800CC5A52 /* Release */ = {
			isa = XCBuildConfiguration;
			baseConfigurationReference = 23BCE1825B0891C43A3C7784 /* Pods-Appsolute.release.xcconfig */;
			buildSettings = {
				ASSETCATALOG_COMPILER_APPICON_NAME = AppIcon;
				ASSETCATALOG_COMPILER_GLOBAL_ACCENT_COLOR_NAME = AccentColor;
				CODE_SIGN_STYLE = Automatic;
				CURRENT_PROJECT_VERSION = 1;
				DEVELOPMENT_TEAM = AU24ZRJ649;
				ENABLE_USER_SCRIPT_SANDBOXING = NO;
				GENERATE_INFOPLIST_FILE = YES;
				INFOPLIST_FILE = Appsolute/Info.plist;
				INFOPLIST_KEY_UIApplicationSupportsIndirectInputEvents = YES;
				INFOPLIST_KEY_UILaunchStoryboardName = LaunchScreen;
				INFOPLIST_KEY_UIMainStoryboardFile = Main;
				INFOPLIST_KEY_UISupportedInterfaceOrientations_iPad = "UIInterfaceOrientationPortrait UIInterfaceOrientationPortraitUpsideDown UIInterfaceOrientationLandscapeLeft UIInterfaceOrientationLandscapeRight";
				INFOPLIST_KEY_UISupportedInterfaceOrientations_iPhone = "UIInterfaceOrientationPortrait UIInterfaceOrientationLandscapeLeft UIInterfaceOrientationLandscapeRight";
				LD_RUNPATH_SEARCH_PATHS = (
					"$(inherited)",
					"@executable_path/Frameworks",
				);
				MARKETING_VERSION = 1.0;
				PRODUCT_BUNDLE_IDENTIFIER = com.minjae.Appsolute;
				PRODUCT_NAME = "$(TARGET_NAME)";
				SWIFT_EMIT_LOC_STRINGS = YES;
				SWIFT_VERSION = 5.0;
				TARGETED_DEVICE_FAMILY = "1,2";
			};
			name = Release;
		};
		B59D39F42D2D075800CC5A52 /* Debug */ = {
			isa = XCBuildConfiguration;
			buildSettings = {
				ALWAYS_SEARCH_USER_PATHS = NO;
				ASSETCATALOG_COMPILER_GENERATE_SWIFT_ASSET_SYMBOL_EXTENSIONS = YES;
				CLANG_ANALYZER_NONNULL = YES;
				CLANG_ANALYZER_NUMBER_OBJECT_CONVERSION = YES_AGGRESSIVE;
				CLANG_CXX_LANGUAGE_STANDARD = "gnu++20";
				CLANG_ENABLE_MODULES = YES;
				CLANG_ENABLE_OBJC_ARC = YES;
				CLANG_ENABLE_OBJC_WEAK = YES;
				CLANG_WARN_BLOCK_CAPTURE_AUTORELEASING = YES;
				CLANG_WARN_BOOL_CONVERSION = YES;
				CLANG_WARN_COMMA = YES;
				CLANG_WARN_CONSTANT_CONVERSION = YES;
				CLANG_WARN_DEPRECATED_OBJC_IMPLEMENTATIONS = YES;
				CLANG_WARN_DIRECT_OBJC_ISA_USAGE = YES_ERROR;
				CLANG_WARN_DOCUMENTATION_COMMENTS = YES;
				CLANG_WARN_EMPTY_BODY = YES;
				CLANG_WARN_ENUM_CONVERSION = YES;
				CLANG_WARN_INFINITE_RECURSION = YES;
				CLANG_WARN_INT_CONVERSION = YES;
				CLANG_WARN_NON_LITERAL_NULL_CONVERSION = YES;
				CLANG_WARN_OBJC_IMPLICIT_RETAIN_SELF = YES;
				CLANG_WARN_OBJC_LITERAL_CONVERSION = YES;
				CLANG_WARN_OBJC_ROOT_CLASS = YES_ERROR;
				CLANG_WARN_QUOTED_INCLUDE_IN_FRAMEWORK_HEADER = YES;
				CLANG_WARN_RANGE_LOOP_ANALYSIS = YES;
				CLANG_WARN_STRICT_PROTOTYPES = YES;
				CLANG_WARN_SUSPICIOUS_MOVE = YES;
				CLANG_WARN_UNGUARDED_AVAILABILITY = YES_AGGRESSIVE;
				CLANG_WARN_UNREACHABLE_CODE = YES;
				CLANG_WARN__DUPLICATE_METHOD_MATCH = YES;
				COPY_PHASE_STRIP = NO;
				DEBUG_INFORMATION_FORMAT = dwarf;
				ENABLE_STRICT_OBJC_MSGSEND = YES;
				ENABLE_TESTABILITY = YES;
				ENABLE_USER_SCRIPT_SANDBOXING = YES;
				GCC_C_LANGUAGE_STANDARD = gnu17;
				GCC_DYNAMIC_NO_PIC = NO;
				GCC_NO_COMMON_BLOCKS = YES;
				GCC_OPTIMIZATION_LEVEL = 0;
				GCC_PREPROCESSOR_DEFINITIONS = (
					"DEBUG=1",
					"$(inherited)",
				);
				GCC_WARN_64_TO_32_BIT_CONVERSION = YES;
				GCC_WARN_ABOUT_RETURN_TYPE = YES_ERROR;
				GCC_WARN_UNDECLARED_SELECTOR = YES;
				GCC_WARN_UNINITIALIZED_AUTOS = YES_AGGRESSIVE;
				GCC_WARN_UNUSED_FUNCTION = YES;
				GCC_WARN_UNUSED_VARIABLE = YES;
				IPHONEOS_DEPLOYMENT_TARGET = 18.2;
				LOCALIZATION_PREFERS_STRING_CATALOGS = YES;
				MTL_ENABLE_DEBUG_INFO = INCLUDE_SOURCE;
				MTL_FAST_MATH = YES;
				ONLY_ACTIVE_ARCH = YES;
				SDKROOT = iphoneos;
				SWIFT_ACTIVE_COMPILATION_CONDITIONS = "DEBUG $(inherited)";
				SWIFT_OPTIMIZATION_LEVEL = "-Onone";
			};
			name = Debug;
		};
		B59D39F52D2D075800CC5A52 /* Release */ = {
			isa = XCBuildConfiguration;
			buildSettings = {
				ALWAYS_SEARCH_USER_PATHS = NO;
				ASSETCATALOG_COMPILER_GENERATE_SWIFT_ASSET_SYMBOL_EXTENSIONS = YES;
				CLANG_ANALYZER_NONNULL = YES;
				CLANG_ANALYZER_NUMBER_OBJECT_CONVERSION = YES_AGGRESSIVE;
				CLANG_CXX_LANGUAGE_STANDARD = "gnu++20";
				CLANG_ENABLE_MODULES = YES;
				CLANG_ENABLE_OBJC_ARC = YES;
				CLANG_ENABLE_OBJC_WEAK = YES;
				CLANG_WARN_BLOCK_CAPTURE_AUTORELEASING = YES;
				CLANG_WARN_BOOL_CONVERSION = YES;
				CLANG_WARN_COMMA = YES;
				CLANG_WARN_CONSTANT_CONVERSION = YES;
				CLANG_WARN_DEPRECATED_OBJC_IMPLEMENTATIONS = YES;
				CLANG_WARN_DIRECT_OBJC_ISA_USAGE = YES_ERROR;
				CLANG_WARN_DOCUMENTATION_COMMENTS = YES;
				CLANG_WARN_EMPTY_BODY = YES;
				CLANG_WARN_ENUM_CONVERSION = YES;
				CLANG_WARN_INFINITE_RECURSION = YES;
				CLANG_WARN_INT_CONVERSION = YES;
				CLANG_WARN_NON_LITERAL_NULL_CONVERSION = YES;
				CLANG_WARN_OBJC_IMPLICIT_RETAIN_SELF = YES;
				CLANG_WARN_OBJC_LITERAL_CONVERSION = YES;
				CLANG_WARN_OBJC_ROOT_CLASS = YES_ERROR;
				CLANG_WARN_QUOTED_INCLUDE_IN_FRAMEWORK_HEADER = YES;
				CLANG_WARN_RANGE_LOOP_ANALYSIS = YES;
				CLANG_WARN_STRICT_PROTOTYPES = YES;
				CLANG_WARN_SUSPICIOUS_MOVE = YES;
				CLANG_WARN_UNGUARDED_AVAILABILITY = YES_AGGRESSIVE;
				CLANG_WARN_UNREACHABLE_CODE = YES;
				CLANG_WARN__DUPLICATE_METHOD_MATCH = YES;
				COPY_PHASE_STRIP = NO;
				DEBUG_INFORMATION_FORMAT = "dwarf-with-dsym";
				ENABLE_NS_ASSERTIONS = NO;
				ENABLE_STRICT_OBJC_MSGSEND = YES;
				ENABLE_USER_SCRIPT_SANDBOXING = YES;
				GCC_C_LANGUAGE_STANDARD = gnu17;
				GCC_NO_COMMON_BLOCKS = YES;
				GCC_WARN_64_TO_32_BIT_CONVERSION = YES;
				GCC_WARN_ABOUT_RETURN_TYPE = YES_ERROR;
				GCC_WARN_UNDECLARED_SELECTOR = YES;
				GCC_WARN_UNINITIALIZED_AUTOS = YES_AGGRESSIVE;
				GCC_WARN_UNUSED_FUNCTION = YES;
				GCC_WARN_UNUSED_VARIABLE = YES;
				IPHONEOS_DEPLOYMENT_TARGET = 18.2;
				LOCALIZATION_PREFERS_STRING_CATALOGS = YES;
				MTL_ENABLE_DEBUG_INFO = NO;
				MTL_FAST_MATH = YES;
				SDKROOT = iphoneos;
				SWIFT_COMPILATION_MODE = wholemodule;
				VALIDATE_PRODUCT = YES;
			};
			name = Release;
		};
		B59D39F72D2D075800CC5A52 /* Debug */ = {
			isa = XCBuildConfiguration;
			baseConfigurationReference = E4024888021240F2EC803E2C /* Pods-AppsoluteTests.debug.xcconfig */;
			buildSettings = {
				BUNDLE_LOADER = "$(TEST_HOST)";
				CODE_SIGN_STYLE = Automatic;
				CURRENT_PROJECT_VERSION = 1;
				DEVELOPMENT_TEAM = AU24ZRJ649;
				GENERATE_INFOPLIST_FILE = YES;
				IPHONEOS_DEPLOYMENT_TARGET = 18.2;
				MARKETING_VERSION = 1.0;
				PRODUCT_BUNDLE_IDENTIFIER = com.minjae.AppsoluteTests;
				PRODUCT_NAME = "$(TARGET_NAME)";
				SWIFT_EMIT_LOC_STRINGS = NO;
				SWIFT_VERSION = 5.0;
				TARGETED_DEVICE_FAMILY = "1,2";
				TEST_HOST = "$(BUILT_PRODUCTS_DIR)/Appsolute.app/$(BUNDLE_EXECUTABLE_FOLDER_PATH)/Appsolute";
			};
			name = Debug;
		};
		B59D39F82D2D075800CC5A52 /* Release */ = {
			isa = XCBuildConfiguration;
			baseConfigurationReference = ACD0C8DC355301BB334A84DA /* Pods-AppsoluteTests.release.xcconfig */;
			buildSettings = {
				BUNDLE_LOADER = "$(TEST_HOST)";
				CODE_SIGN_STYLE = Automatic;
				CURRENT_PROJECT_VERSION = 1;
				DEVELOPMENT_TEAM = AU24ZRJ649;
				GENERATE_INFOPLIST_FILE = YES;
				IPHONEOS_DEPLOYMENT_TARGET = 18.2;
				MARKETING_VERSION = 1.0;
				PRODUCT_BUNDLE_IDENTIFIER = com.minjae.AppsoluteTests;
				PRODUCT_NAME = "$(TARGET_NAME)";
				SWIFT_EMIT_LOC_STRINGS = NO;
				SWIFT_VERSION = 5.0;
				TARGETED_DEVICE_FAMILY = "1,2";
				TEST_HOST = "$(BUILT_PRODUCTS_DIR)/Appsolute.app/$(BUNDLE_EXECUTABLE_FOLDER_PATH)/Appsolute";
			};
			name = Release;
		};
		B59D39FA2D2D075800CC5A52 /* Debug */ = {
			isa = XCBuildConfiguration;
			baseConfigurationReference = 4DA745DD0BA6E667FDFF9604 /* Pods-Appsolute-AppsoluteUITests.debug.xcconfig */;
			buildSettings = {
				CODE_SIGN_STYLE = Automatic;
				CURRENT_PROJECT_VERSION = 1;
				DEVELOPMENT_TEAM = AU24ZRJ649;
				GENERATE_INFOPLIST_FILE = YES;
				MARKETING_VERSION = 1.0;
				PRODUCT_BUNDLE_IDENTIFIER = com.minjae.AppsoluteUITests;
				PRODUCT_NAME = "$(TARGET_NAME)";
				SWIFT_EMIT_LOC_STRINGS = NO;
				SWIFT_VERSION = 5.0;
				TARGETED_DEVICE_FAMILY = "1,2";
				TEST_TARGET_NAME = Appsolute;
			};
			name = Debug;
		};
		B59D39FB2D2D075800CC5A52 /* Release */ = {
			isa = XCBuildConfiguration;
			baseConfigurationReference = 2A72340BCF5C62D100E8438F /* Pods-Appsolute-AppsoluteUITests.release.xcconfig */;
			buildSettings = {
				CODE_SIGN_STYLE = Automatic;
				CURRENT_PROJECT_VERSION = 1;
				DEVELOPMENT_TEAM = AU24ZRJ649;
				GENERATE_INFOPLIST_FILE = YES;
				MARKETING_VERSION = 1.0;
				PRODUCT_BUNDLE_IDENTIFIER = com.minjae.AppsoluteUITests;
				PRODUCT_NAME = "$(TARGET_NAME)";
				SWIFT_EMIT_LOC_STRINGS = NO;
				SWIFT_VERSION = 5.0;
				TARGETED_DEVICE_FAMILY = "1,2";
				TEST_TARGET_NAME = Appsolute;
			};
			name = Release;
		};
/* End XCBuildConfiguration section */

/* Begin XCConfigurationList section */
		B59D39C32D2D075600CC5A52 /* Build configuration list for PBXProject "Appsolute" */ = {
			isa = XCConfigurationList;
			buildConfigurations = (
				B59D39F42D2D075800CC5A52 /* Debug */,
				B59D39F52D2D075800CC5A52 /* Release */,
			);
			defaultConfigurationIsVisible = 0;
			defaultConfigurationName = Release;
		};
		B59D39F12D2D075800CC5A52 /* Build configuration list for PBXNativeTarget "Appsolute" */ = {
			isa = XCConfigurationList;
			buildConfigurations = (
				B59D39F22D2D075800CC5A52 /* Debug */,
				B59D39F32D2D075800CC5A52 /* Release */,
			);
			defaultConfigurationIsVisible = 0;
			defaultConfigurationName = Release;
		};
		B59D39F62D2D075800CC5A52 /* Build configuration list for PBXNativeTarget "AppsoluteTests" */ = {
			isa = XCConfigurationList;
			buildConfigurations = (
				B59D39F72D2D075800CC5A52 /* Debug */,
				B59D39F82D2D075800CC5A52 /* Release */,
			);
			defaultConfigurationIsVisible = 0;
			defaultConfigurationName = Release;
		};
		B59D39F92D2D075800CC5A52 /* Build configuration list for PBXNativeTarget "AppsoluteUITests" */ = {
			isa = XCConfigurationList;
			buildConfigurations = (
				B59D39FA2D2D075800CC5A52 /* Debug */,
				B59D39FB2D2D075800CC5A52 /* Release */,
			);
			defaultConfigurationIsVisible = 0;
			defaultConfigurationName = Release;
		};
/* End XCConfigurationList section */
	};
	rootObject = B59D39C02D2D075600CC5A52 /* Project object */;
}
